// !$*UTF8*$!
{
	archiveVersion = 1;
	classes = {
	};
	objectVersion = 54;
	objects = {

/* Begin PBXBuildFile section */
		091507EBD5FF446C839A1FE1 /* ConflictResolver.swift in Sources */ = {isa = PBXBuildFile; fileRef = 8506E4A34DC647209AC14C6D /* ConflictResolver.swift */; };
		13B07FBF1A68108700A75B9A /* Images.xcassets in Resources */ = {isa = PBXBuildFile; fileRef = 13B07FB51A68108700A75B9A /* Images.xcassets */; };
		17DD79D02D5E4A008F4E10EB /* TokenProvider.swift in Sources */ = {isa = PBXBuildFile; fileRef = 8E9B8F4154114F8EB323712F /* TokenProvider.swift */; };
		1A4D7ADCCDF4409FB895AF57 /* KeychainSessionStore.swift in Sources */ = {isa = PBXBuildFile; fileRef = 99F9A548E161441483ADF31A /* KeychainSessionStore.swift */; };
		2134B4C02DE8465FA359252D /* Session.swift in Sources */ = {isa = PBXBuildFile; fileRef = 824B10A2FE1848BCA4609F6A /* Session.swift */; };
		2A7F90B4FBE3FD04808B87DC /* PrivacyInfo.xcprivacy in Resources */ = {isa = PBXBuildFile; fileRef = 1CBCD6ABF2834EBF23963C26 /* PrivacyInfo.xcprivacy */; };
		3354FE071D8542E4A92CD122 /* HTTPClient.swift in Sources */ = {isa = PBXBuildFile; fileRef = 11B7E70C56214155A5A23095 /* HTTPClient.swift */; };
		342779C8DE3248AFA89A608F /* ItemMapperTests.swift in Sources */ = {isa = PBXBuildFile; fileRef = 0F4BD51BF3E24F99A4275732 /* ItemMapperTests.swift */; };
		3E461D99554A48A4959DE609 /* SplashScreen.storyboard in Resources */ = {isa = PBXBuildFile; fileRef = AA286B85B6C04FC6940260E9 /* SplashScreen.storyboard */; };
		48E1DCC5CCFF4F0A834314BD /* CozyFilesApiReadTests.swift in Sources */ = {isa = PBXBuildFile; fileRef = E0DEF53EED3C47CAA43752F0 /* CozyFilesApiReadTests.swift */; };
		501A6B5C026D442E9E7BC4BC /* TwakeDriveShareExt.appex in Embed Foundation Extensions */ = {isa = PBXBuildFile; fileRef = 98B7465658BA4AAFB60CE43E /* TwakeDriveShareExt.appex */; };
		5B2A78C6EE0C4C14BF599D0D /* FileProviderExtension.swift in Sources */ = {isa = PBXBuildFile; fileRef = 842CA699CB31465EBB77C5E5 /* FileProviderExtension.swift */; };
		616E28E111C44848B7113A7D /* CozyFileTests.swift in Sources */ = {isa = PBXBuildFile; fileRef = 6DEF6503DB364E439B553C79 /* CozyFileTests.swift */; };
		6229EE32FAEB48A2B1E5A67F /* SmokeTest.swift in Sources */ = {isa = PBXBuildFile; fileRef = FAF70364A958432A838C4A87 /* SmokeTest.swift */; };
		674B23ABE6E64E429818D9BB /* ConflictResolverTests.swift in Sources */ = {isa = PBXBuildFile; fileRef = 492FC4836432405683389C2C /* ConflictResolverTests.swift */; };
		709E49B0B9D174F0F10578B0 /* ExpoModulesProvider.swift in Sources */ = {isa = PBXBuildFile; fileRef = CE6394AC0062737DC88CAB25 /* ExpoModulesProvider.swift */; };
		78DC680BFDC749B5B20D0074 /* KeychainSessionStoreTests.swift in Sources */ = {isa = PBXBuildFile; fileRef = BFA39DC3A43242919CD80A54 /* KeychainSessionStoreTests.swift */; };
		8327C204B5644633AE99AC4F /* TwakeDriveFileProviderExt.appex in Embed Foundation Extensions */ = {isa = PBXBuildFile; fileRef = FCA38D6E763341A0BE4A1F91 /* TwakeDriveFileProviderExt.appex */; };
		8D6B57D7481941EC9799FEA6 /* HTTPClient.swift in Sources */ = {isa = PBXBuildFile; fileRef = 11B7E70C56214155A5A23095 /* HTTPClient.swift */; };
		93C04082703449A5896923B9 /* Fakes.swift in Sources */ = {isa = PBXBuildFile; fileRef = 1CB4E4A46EFD412493A65896 /* Fakes.swift */; };
		97FC01E93A4A4599BD18F80E /* CozyFilesApiWriteTests.swift in Sources */ = {isa = PBXBuildFile; fileRef = E853BEADAA1B47458F8E3B13 /* CozyFilesApiWriteTests.swift */; };
		A3E275F08CCE4327B06FA95E /* CozyFilesApi.swift in Sources */ = {isa = PBXBuildFile; fileRef = 45C4845487E245F780E1F34C /* CozyFilesApi.swift */; };
		A5875E424926424E91215743 /* MockURLProtocol.swift in Sources */ = {isa = PBXBuildFile; fileRef = 42876A95517A4AA18193F6BD /* MockURLProtocol.swift */; };
		A59EDE1D90FE4CB79A04219F /* SessionTests.swift in Sources */ = {isa = PBXBuildFile; fileRef = 6088AA070B914550BC2AB533 /* SessionTests.swift */; };
		AD001E26D70A44B5A62732AA /* ItemMapper.swift in Sources */ = {isa = PBXBuildFile; fileRef = 4643DCA0AA95481784AD3902 /* ItemMapper.swift */; };
		BA115FCDF458411F966CFBAB /* TokenProviderTests.swift in Sources */ = {isa = PBXBuildFile; fileRef = 2761C76F42914415BB545ABC /* TokenProviderTests.swift */; };
		BB2F792D24A3F905000567C9 /* Expo.plist in Resources */ = {isa = PBXBuildFile; fileRef = BB2F792C24A3F905000567C9 /* Expo.plist */; };
		C330B9343B7D4474AB8CB174 /* Session.swift in Sources */ = {isa = PBXBuildFile; fileRef = 824B10A2FE1848BCA4609F6A /* Session.swift */; };
		C5EF3192A5EE4B11BA98ACC3 /* TokenProvider.swift in Sources */ = {isa = PBXBuildFile; fileRef = 8E9B8F4154114F8EB323712F /* TokenProvider.swift */; };
		C728C2AD68154318ADCCB03E /* CozyFile.swift in Sources */ = {isa = PBXBuildFile; fileRef = EE5D1D5E6C1B4D8EAF119CA8 /* CozyFile.swift */; };
		CC71358F217048C5A6E7EFC4 /* KeychainSessionStore.swift in Sources */ = {isa = PBXBuildFile; fileRef = 99F9A548E161441483ADF31A /* KeychainSessionStore.swift */; };
		CCBC7C663E3D4AD38D5F2F86 /* ConflictResolver.swift in Sources */ = {isa = PBXBuildFile; fileRef = 8506E4A34DC647209AC14C6D /* ConflictResolver.swift */; };
		D239315EC78F41EE476DF3E2 /* libPods-TwakeDrive.a in Frameworks */ = {isa = PBXBuildFile; fileRef = FECC114309FD433CB51D581B /* libPods-TwakeDrive.a */; };
		D9667730EDA746E78E76BD72 /* CozyFile.swift in Sources */ = {isa = PBXBuildFile; fileRef = EE5D1D5E6C1B4D8EAF119CA8 /* CozyFile.swift */; };
		E3C5870010564AECBF5A6F2C /* CozyFilesApi.swift in Sources */ = {isa = PBXBuildFile; fileRef = 45C4845487E245F780E1F34C /* CozyFilesApi.swift */; };
		F11748422D0307B40044C1D9 /* AppDelegate.swift in Sources */ = {isa = PBXBuildFile; fileRef = F11748412D0307B40044C1D9 /* AppDelegate.swift */; };
		F1E1BF243138470285BA718F /* ShareViewController.swift in Sources */ = {isa = PBXBuildFile; fileRef = FDE3437028BA4902966362A6 /* ShareViewController.swift */; };
		F98382C3F29B4FAEABBDE66D /* ItemMapper.swift in Sources */ = {isa = PBXBuildFile; fileRef = 4643DCA0AA95481784AD3902 /* ItemMapper.swift */; };
/* End PBXBuildFile section */

/* Begin PBXContainerItemProxy section */
		658F83191F8D42A1A83A7EBD /* PBXContainerItemProxy */ = {
			isa = PBXContainerItemProxy;
			containerPortal = 83CBB9F71A601CBA00E9B192 /* Project object */;
			proxyType = 1;
			remoteGlobalIDString = 958E7F20412C4BDC866D864A;
			remoteInfo = TwakeDriveShareExt;
		};
		A580847C15704B7F880A9942 /* PBXContainerItemProxy */ = {
			isa = PBXContainerItemProxy;
			containerPortal = 83CBB9F71A601CBA00E9B192 /* Project object */;
			proxyType = 1;
			remoteGlobalIDString = A4F644A948504D35B35FC86B;
			remoteInfo = TwakeDriveFileProviderExt;
		};
/* End PBXContainerItemProxy section */

/* Begin PBXCopyFilesBuildPhase section */
		087C49475BF1449E8B0467E5 /* Embed Foundation Extensions */ = {
			isa = PBXCopyFilesBuildPhase;
			buildActionMask = 2147483647;
			dstPath = "";
			dstSubfolderSpec = 13;
			files = (
				501A6B5C026D442E9E7BC4BC /* TwakeDriveShareExt.appex in Embed Foundation Extensions */,
			);
			name = "Embed Foundation Extensions";
			runOnlyForDeploymentPostprocessing = 0;
		};
		FB5FED8B51684D60B5BB5A8F /* Embed Foundation Extensions */ = {
			isa = PBXCopyFilesBuildPhase;
			buildActionMask = 2147483647;
			dstPath = "";
			dstSubfolderSpec = 13;
			files = (
				8327C204B5644633AE99AC4F /* TwakeDriveFileProviderExt.appex in Embed Foundation Extensions */,
			);
			name = "Embed Foundation Extensions";
			runOnlyForDeploymentPostprocessing = 0;
		};
/* End PBXCopyFilesBuildPhase section */

/* Begin PBXFileReference section */
		047FACE0D3584A0A83EFA654 /* Info.plist */ = {isa = PBXFileReference; fileEncoding = 4; includeInIndex = 0; lastKnownFileType = text.plist.xml; path = Info.plist; sourceTree = "<group>"; };
		0F4BD51BF3E24F99A4275732 /* ItemMapperTests.swift */ = {isa = PBXFileReference; lastKnownFileType = sourcecode.swift; path = ItemMapperTests.swift; sourceTree = "<group>"; };
		11B7E70C56214155A5A23095 /* HTTPClient.swift */ = {isa = PBXFileReference; lastKnownFileType = sourcecode.swift; path = HTTPClient.swift; sourceTree = "<group>"; };
		13B07F961A680F5B00A75B9A /* TwakeDrive.app */ = {isa = PBXFileReference; explicitFileType = wrapper.application; includeInIndex = 0; path = TwakeDrive.app; sourceTree = BUILT_PRODUCTS_DIR; };
		13B07FB51A68108700A75B9A /* Images.xcassets */ = {isa = PBXFileReference; lastKnownFileType = folder.assetcatalog; name = Images.xcassets; path = TwakeDrive/Images.xcassets; sourceTree = "<group>"; };
		13B07FB61A68108700A75B9A /* Info.plist */ = {isa = PBXFileReference; fileEncoding = 4; lastKnownFileType = text.plist.xml; name = Info.plist; path = TwakeDrive/Info.plist; sourceTree = "<group>"; };
		1CB4E4A46EFD412493A65896 /* Fakes.swift */ = {isa = PBXFileReference; lastKnownFileType = sourcecode.swift; path = Fakes.swift; sourceTree = "<group>"; };
		1CBCD6ABF2834EBF23963C26 /* PrivacyInfo.xcprivacy */ = {isa = PBXFileReference; includeInIndex = 1; lastKnownFileType = text.xml; name = PrivacyInfo.xcprivacy; path = TwakeDrive/PrivacyInfo.xcprivacy; sourceTree = "<group>"; };
		21CEE0633495A490998A1B2A /* Pods-TwakeDrive.release.xcconfig */ = {isa = PBXFileReference; includeInIndex = 1; lastKnownFileType = text.xcconfig; name = "Pods-TwakeDrive.release.xcconfig"; path = "Target Support Files/Pods-TwakeDrive/Pods-TwakeDrive.release.xcconfig"; sourceTree = "<group>"; };
		2761C76F42914415BB545ABC /* TokenProviderTests.swift */ = {isa = PBXFileReference; lastKnownFileType = sourcecode.swift; path = TokenProviderTests.swift; sourceTree = "<group>"; };
		368346251698498F9341E1E6 /* TwakeDriveFileProviderExtTests.xctest */ = {isa = PBXFileReference; explicitFileType = wrapper.cfbundle; includeInIndex = 0; path = TwakeDriveFileProviderExtTests.xctest; sourceTree = BUILT_PRODUCTS_DIR; };
		42876A95517A4AA18193F6BD /* MockURLProtocol.swift */ = {isa = PBXFileReference; lastKnownFileType = sourcecode.swift; path = MockURLProtocol.swift; sourceTree = "<group>"; };
		45C4845487E245F780E1F34C /* CozyFilesApi.swift */ = {isa = PBXFileReference; lastKnownFileType = sourcecode.swift; path = CozyFilesApi.swift; sourceTree = "<group>"; };
		4643DCA0AA95481784AD3902 /* ItemMapper.swift */ = {isa = PBXFileReference; lastKnownFileType = sourcecode.swift; path = ItemMapper.swift; sourceTree = "<group>"; };
		492FC4836432405683389C2C /* ConflictResolverTests.swift */ = {isa = PBXFileReference; lastKnownFileType = sourcecode.swift; path = ConflictResolverTests.swift; sourceTree = "<group>"; };
		6088AA070B914550BC2AB533 /* SessionTests.swift */ = {isa = PBXFileReference; lastKnownFileType = sourcecode.swift; path = SessionTests.swift; sourceTree = "<group>"; };
		6DEF6503DB364E439B553C79 /* CozyFileTests.swift */ = {isa = PBXFileReference; lastKnownFileType = sourcecode.swift; path = CozyFileTests.swift; sourceTree = "<group>"; };
		7BE0007FF2C4921CE9FE4199 /* Pods-TwakeDrive.debug.xcconfig */ = {isa = PBXFileReference; includeInIndex = 1; lastKnownFileType = text.xcconfig; name = "Pods-TwakeDrive.debug.xcconfig"; path = "Target Support Files/Pods-TwakeDrive/Pods-TwakeDrive.debug.xcconfig"; sourceTree = "<group>"; };
		824B10A2FE1848BCA4609F6A /* Session.swift */ = {isa = PBXFileReference; lastKnownFileType = sourcecode.swift; path = Session.swift; sourceTree = "<group>"; };
		842CA699CB31465EBB77C5E5 /* FileProviderExtension.swift */ = {isa = PBXFileReference; fileEncoding = 4; includeInIndex = 0; lastKnownFileType = sourcecode.swift; path = FileProviderExtension.swift; sourceTree = "<group>"; };
		845E0D73487342379615CDAF /* TwakeDriveFileProviderExt.entitlements */ = {isa = PBXFileReference; includeInIndex = 0; lastKnownFileType = unknown; path = TwakeDriveFileProviderExt.entitlements; sourceTree = "<group>"; };
		8506E4A34DC647209AC14C6D /* ConflictResolver.swift */ = {isa = PBXFileReference; lastKnownFileType = sourcecode.swift; path = ConflictResolver.swift; sourceTree = "<group>"; };
		8E9B8F4154114F8EB323712F /* TokenProvider.swift */ = {isa = PBXFileReference; lastKnownFileType = sourcecode.swift; path = TokenProvider.swift; sourceTree = "<group>"; };
		92732EBD72374A14A08CB32F /* Info.plist */ = {isa = PBXFileReference; fileEncoding = 4; includeInIndex = 0; lastKnownFileType = text.plist.xml; path = Info.plist; sourceTree = "<group>"; };
		98B7465658BA4AAFB60CE43E /* TwakeDriveShareExt.appex */ = {isa = PBXFileReference; explicitFileType = "wrapper.app-extension"; includeInIndex = 0; path = TwakeDriveShareExt.appex; sourceTree = BUILT_PRODUCTS_DIR; };
		99F9A548E161441483ADF31A /* KeychainSessionStore.swift */ = {isa = PBXFileReference; lastKnownFileType = sourcecode.swift; path = KeychainSessionStore.swift; sourceTree = "<group>"; };
		AA286B85B6C04FC6940260E9 /* SplashScreen.storyboard */ = {isa = PBXFileReference; fileEncoding = 4; lastKnownFileType = file.storyboard; name = SplashScreen.storyboard; path = TwakeDrive/SplashScreen.storyboard; sourceTree = "<group>"; };
		BB2F792C24A3F905000567C9 /* Expo.plist */ = {isa = PBXFileReference; fileEncoding = 4; lastKnownFileType = text.plist.xml; path = Expo.plist; sourceTree = "<group>"; };
		BFA39DC3A43242919CD80A54 /* KeychainSessionStoreTests.swift */ = {isa = PBXFileReference; lastKnownFileType = sourcecode.swift; path = KeychainSessionStoreTests.swift; sourceTree = "<group>"; };
		CE6394AC0062737DC88CAB25 /* ExpoModulesProvider.swift */ = {isa = PBXFileReference; includeInIndex = 1; lastKnownFileType = sourcecode.swift; name = ExpoModulesProvider.swift; path = "Pods/Target Support Files/Pods-TwakeDrive/ExpoModulesProvider.swift"; sourceTree = "<group>"; };
		D8579A94632247BFAD1E12AC /* TwakeDriveShareExt.entitlements */ = {isa = PBXFileReference; includeInIndex = 0; lastKnownFileType = unknown; path = TwakeDriveShareExt.entitlements; sourceTree = "<group>"; };
		E0DEF53EED3C47CAA43752F0 /* CozyFilesApiReadTests.swift */ = {isa = PBXFileReference; lastKnownFileType = sourcecode.swift; path = CozyFilesApiReadTests.swift; sourceTree = "<group>"; };
		E853BEADAA1B47458F8E3B13 /* CozyFilesApiWriteTests.swift */ = {isa = PBXFileReference; lastKnownFileType = sourcecode.swift; path = CozyFilesApiWriteTests.swift; sourceTree = "<group>"; };
		ED297162215061F000B7C4FE /* JavaScriptCore.framework */ = {isa = PBXFileReference; lastKnownFileType = wrapper.framework; name = JavaScriptCore.framework; path = System/Library/Frameworks/JavaScriptCore.framework; sourceTree = SDKROOT; };
		EE5D1D5E6C1B4D8EAF119CA8 /* CozyFile.swift */ = {isa = PBXFileReference; lastKnownFileType = sourcecode.swift; path = CozyFile.swift; sourceTree = "<group>"; };
		F11748412D0307B40044C1D9 /* AppDelegate.swift */ = {isa = PBXFileReference; lastKnownFileType = sourcecode.swift; name = AppDelegate.swift; path = TwakeDrive/AppDelegate.swift; sourceTree = "<group>"; };
		F11748442D0722820044C1D9 /* TwakeDrive-Bridging-Header.h */ = {isa = PBXFileReference; lastKnownFileType = sourcecode.c.h; name = "TwakeDrive-Bridging-Header.h"; path = "TwakeDrive/TwakeDrive-Bridging-Header.h"; sourceTree = "<group>"; };
		FAF70364A958432A838C4A87 /* SmokeTest.swift */ = {isa = PBXFileReference; lastKnownFileType = sourcecode.swift; path = SmokeTest.swift; sourceTree = "<group>"; };
		FCA38D6E763341A0BE4A1F91 /* TwakeDriveFileProviderExt.appex */ = {isa = PBXFileReference; explicitFileType = "wrapper.app-extension"; includeInIndex = 0; path = TwakeDriveFileProviderExt.appex; sourceTree = BUILT_PRODUCTS_DIR; };
		FDE3437028BA4902966362A6 /* ShareViewController.swift */ = {isa = PBXFileReference; fileEncoding = 4; includeInIndex = 0; lastKnownFileType = sourcecode.swift; path = ShareViewController.swift; sourceTree = "<group>"; };
		FECC114309FD433CB51D581B /* libPods-TwakeDrive.a */ = {isa = PBXFileReference; explicitFileType = archive.ar; includeInIndex = 0; path = "libPods-TwakeDrive.a"; sourceTree = BUILT_PRODUCTS_DIR; };
/* End PBXFileReference section */

/* Begin PBXFrameworksBuildPhase section */
		13B07F8C1A680F5B00A75B9A /* Frameworks */ = {
			isa = PBXFrameworksBuildPhase;
			buildActionMask = 2147483647;
			files = (
				D239315EC78F41EE476DF3E2 /* libPods-TwakeDrive.a in Frameworks */,
			);
			runOnlyForDeploymentPostprocessing = 0;
		};
		30D117C6ACC943C3AEA0934A /* Frameworks */ = {
			isa = PBXFrameworksBuildPhase;
			buildActionMask = 2147483647;
			files = (
			);
			runOnlyForDeploymentPostprocessing = 0;
		};
		BDBCEA679AF648AAAC1828AA /* Frameworks */ = {
			isa = PBXFrameworksBuildPhase;
			buildActionMask = 2147483647;
			files = (
			);
			runOnlyForDeploymentPostprocessing = 0;
		};
		CCB3A5E8FEAF408FA4DCDE04 /* Frameworks */ = {
			isa = PBXFrameworksBuildPhase;
			buildActionMask = 2147483647;
			files = (
			);
			runOnlyForDeploymentPostprocessing = 0;
		};
/* End PBXFrameworksBuildPhase section */

/* Begin PBXGroup section */
		0A6C4A74EA67D71FE3BFA953 /* TwakeDrive */ = {
			isa = PBXGroup;
			children = (
				CE6394AC0062737DC88CAB25 /* ExpoModulesProvider.swift */,
			);
			name = TwakeDrive;
			sourceTree = "<group>";
		};
		13B07FAE1A68108700A75B9A /* TwakeDrive */ = {
			isa = PBXGroup;
			children = (
				F11748412D0307B40044C1D9 /* AppDelegate.swift */,
				F11748442D0722820044C1D9 /* TwakeDrive-Bridging-Header.h */,
				BB2F792B24A3F905000567C9 /* Supporting */,
				13B07FB51A68108700A75B9A /* Images.xcassets */,
				13B07FB61A68108700A75B9A /* Info.plist */,
				AA286B85B6C04FC6940260E9 /* SplashScreen.storyboard */,
				1CBCD6ABF2834EBF23963C26 /* PrivacyInfo.xcprivacy */,
			);
			name = TwakeDrive;
			sourceTree = "<group>";
		};
		25312BDD0DAAEB8A34A05CA8 /* Pods */ = {
			isa = PBXGroup;
			children = (
				7BE0007FF2C4921CE9FE4199 /* Pods-TwakeDrive.debug.xcconfig */,
				21CEE0633495A490998A1B2A /* Pods-TwakeDrive.release.xcconfig */,
			);
			path = Pods;
			sourceTree = "<group>";
		};
		28F2E8FB775047CA8A0C3119 /* TwakeDriveFileProviderExt */ = {
			isa = PBXGroup;
			children = (
				842CA699CB31465EBB77C5E5 /* FileProviderExtension.swift */,
				047FACE0D3584A0A83EFA654 /* Info.plist */,
				845E0D73487342379615CDAF /* TwakeDriveFileProviderExt.entitlements */,
				824B10A2FE1848BCA4609F6A /* Session.swift */,
				99F9A548E161441483ADF31A /* KeychainSessionStore.swift */,
				11B7E70C56214155A5A23095 /* HTTPClient.swift */,
				EE5D1D5E6C1B4D8EAF119CA8 /* CozyFile.swift */,
				4643DCA0AA95481784AD3902 /* ItemMapper.swift */,
				8E9B8F4154114F8EB323712F /* TokenProvider.swift */,
				45C4845487E245F780E1F34C /* CozyFilesApi.swift */,
				8506E4A34DC647209AC14C6D /* ConflictResolver.swift */,
			);
			path = TwakeDriveFileProviderExt;
			sourceTree = "<group>";
		};
		2D16E6871FA4F8E400B85C8A /* Frameworks */ = {
			isa = PBXGroup;
			children = (
				ED297162215061F000B7C4FE /* JavaScriptCore.framework */,
				FECC114309FD433CB51D581B /* libPods-TwakeDrive.a */,
			);
			name = Frameworks;
			sourceTree = "<group>";
		};
		38982096E8B04C3FAF0DAA1D /* TwakeDriveFileProviderExtTests */ = {
			isa = PBXGroup;
			children = (
				FAF70364A958432A838C4A87 /* SmokeTest.swift */,
				6088AA070B914550BC2AB533 /* SessionTests.swift */,
				BFA39DC3A43242919CD80A54 /* KeychainSessionStoreTests.swift */,
				42876A95517A4AA18193F6BD /* MockURLProtocol.swift */,
				6DEF6503DB364E439B553C79 /* CozyFileTests.swift */,
				0F4BD51BF3E24F99A4275732 /* ItemMapperTests.swift */,
				2761C76F42914415BB545ABC /* TokenProviderTests.swift */,
				1CB4E4A46EFD412493A65896 /* Fakes.swift */,
				E0DEF53EED3C47CAA43752F0 /* CozyFilesApiReadTests.swift */,
				E853BEADAA1B47458F8E3B13 /* CozyFilesApiWriteTests.swift */,
				492FC4836432405683389C2C /* ConflictResolverTests.swift */,
			);
			path = TwakeDriveFileProviderExtTests;
			sourceTree = "<group>";
		};
		832341AE1AAA6A7D00B99B32 /* Libraries */ = {
			isa = PBXGroup;
			children = (
			);
			name = Libraries;
			sourceTree = "<group>";
		};
		83CBB9F61A601CBA00E9B192 = {
			isa = PBXGroup;
			children = (
				13B07FAE1A68108700A75B9A /* TwakeDrive */,
				832341AE1AAA6A7D00B99B32 /* Libraries */,
				83CBBA001A601CBA00E9B192 /* Products */,
				2D16E6871FA4F8E400B85C8A /* Frameworks */,
				25312BDD0DAAEB8A34A05CA8 /* Pods */,
				EE6D32524E629697A1C62E7F /* ExpoModulesProviders */,
				BFB4CB40AB09437782FCF0EE /* TwakeDriveShareExt */,
				28F2E8FB775047CA8A0C3119 /* TwakeDriveFileProviderExt */,
				38982096E8B04C3FAF0DAA1D /* TwakeDriveFileProviderExtTests */,
			);
			indentWidth = 2;
			sourceTree = "<group>";
			tabWidth = 2;
			usesTabs = 0;
		};
		83CBBA001A601CBA00E9B192 /* Products */ = {
			isa = PBXGroup;
			children = (
				13B07F961A680F5B00A75B9A /* TwakeDrive.app */,
				98B7465658BA4AAFB60CE43E /* TwakeDriveShareExt.appex */,
				FCA38D6E763341A0BE4A1F91 /* TwakeDriveFileProviderExt.appex */,
				368346251698498F9341E1E6 /* TwakeDriveFileProviderExtTests.xctest */,
			);
			name = Products;
			sourceTree = "<group>";
		};
		BB2F792B24A3F905000567C9 /* Supporting */ = {
			isa = PBXGroup;
			children = (
				BB2F792C24A3F905000567C9 /* Expo.plist */,
			);
			name = Supporting;
			path = TwakeDrive/Supporting;
			sourceTree = "<group>";
		};
		BFB4CB40AB09437782FCF0EE /* TwakeDriveShareExt */ = {
			isa = PBXGroup;
			children = (
				FDE3437028BA4902966362A6 /* ShareViewController.swift */,
				92732EBD72374A14A08CB32F /* Info.plist */,
				D8579A94632247BFAD1E12AC /* TwakeDriveShareExt.entitlements */,
			);
			path = TwakeDriveShareExt;
			sourceTree = "<group>";
		};
		EE6D32524E629697A1C62E7F /* ExpoModulesProviders */ = {
			isa = PBXGroup;
			children = (
				0A6C4A74EA67D71FE3BFA953 /* TwakeDrive */,
			);
			name = ExpoModulesProviders;
			sourceTree = "<group>";
		};
/* End PBXGroup section */

/* Begin PBXNativeTarget section */
		13B07F861A680F5B00A75B9A /* TwakeDrive */ = {
			isa = PBXNativeTarget;
			buildConfigurationList = 13B07F931A680F5B00A75B9A /* Build configuration list for PBXNativeTarget "TwakeDrive" */;
			buildPhases = (
				08A4A3CD28434E44B6B9DE2E /* [CP] Check Pods Manifest.lock */,
				163FE4071AC8999F057BF284 /* [Expo] Configure project */,
				13B07F871A680F5B00A75B9A /* Sources */,
				13B07F8C1A680F5B00A75B9A /* Frameworks */,
				13B07F8E1A680F5B00A75B9A /* Resources */,
				00DD1BFF1BD5951E006B06BC /* Bundle React Native code and images */,
				800E24972A6A228C8D4807E9 /* [CP] Copy Pods Resources */,
				ABB11ECBFEA99C97A15D13BD /* [CP] Embed Pods Frameworks */,
				087C49475BF1449E8B0467E5 /* Embed Foundation Extensions */,
				FB5FED8B51684D60B5BB5A8F /* Embed Foundation Extensions */,
			);
			buildRules = (
			);
			dependencies = (
				E4D979C4A6F547CBBC518AAD /* PBXTargetDependency */,
				BD5EA330F1F746E184281306 /* PBXTargetDependency */,
			);
			name = TwakeDrive;
			productName = TwakeDrive;
			productReference = 13B07F961A680F5B00A75B9A /* TwakeDrive.app */;
			productType = "com.apple.product-type.application";
		};
		958E7F20412C4BDC866D864A /* TwakeDriveShareExt */ = {
			isa = PBXNativeTarget;
			buildConfigurationList = E35262B74ACC4DBCAC7A9DFF /* Build configuration list for PBXNativeTarget "TwakeDriveShareExt" */;
			buildPhases = (
				2F5A51D41BBA4210A45ECAAD /* Sources */,
				CCB3A5E8FEAF408FA4DCDE04 /* Frameworks */,
			);
			buildRules = (
			);
			dependencies = (
			);
			name = TwakeDriveShareExt;
			productName = TwakeDriveShareExt;
			productReference = 98B7465658BA4AAFB60CE43E /* TwakeDriveShareExt.appex */;
			productType = "com.apple.product-type.app-extension";
		};
		9A30F11EAB1B4A0EB8E489D3 /* TwakeDriveFileProviderExtTests */ = {
			isa = PBXNativeTarget;
			buildConfigurationList = 1E9A8957135E4F269993DCCB /* Build configuration list for PBXNativeTarget "TwakeDriveFileProviderExtTests" */;
			buildPhases = (
				8578214FFA1E403BBC2D66B7 /* Sources */,
				30D117C6ACC943C3AEA0934A /* Frameworks */,
			);
			buildRules = (
			);
			dependencies = (
			);
			name = TwakeDriveFileProviderExtTests;
			productName = TwakeDriveFileProviderExtTests;
			productReference = 368346251698498F9341E1E6 /* TwakeDriveFileProviderExtTests.xctest */;
			productType = "com.apple.product-type.bundle.unit-test";
		};
		A4F644A948504D35B35FC86B /* TwakeDriveFileProviderExt */ = {
			isa = PBXNativeTarget;
			buildConfigurationList = C2B5AF07AB0F48F4B9FB588D /* Build configuration list for PBXNativeTarget "TwakeDriveFileProviderExt" */;
			buildPhases = (
				1A9A3FDCE14F42A8BD798C96 /* Sources */,
				BDBCEA679AF648AAAC1828AA /* Frameworks */,
			);
			buildRules = (
			);
			dependencies = (
			);
			name = TwakeDriveFileProviderExt;
			productName = TwakeDriveFileProviderExt;
			productReference = FCA38D6E763341A0BE4A1F91 /* TwakeDriveFileProviderExt.appex */;
			productType = "com.apple.product-type.app-extension";
		};
/* End PBXNativeTarget section */

/* Begin PBXProject section */
		83CBB9F71A601CBA00E9B192 /* Project object */ = {
			isa = PBXProject;
			attributes = {
				LastUpgradeCheck = 1130;
				TargetAttributes = {
					13B07F861A680F5B00A75B9A = {
						LastSwiftMigration = 1250;
					};
					9A30F11EAB1B4A0EB8E489D3 = {
						DevelopmentTeam = KUT463DS29;
					};
				};
			};
			buildConfigurationList = 83CBB9FA1A601CBA00E9B192 /* Build configuration list for PBXProject "TwakeDrive" */;
			compatibilityVersion = "Xcode 3.2";
			developmentRegion = en;
			hasScannedForEncodings = 0;
			knownRegions = (
				en,
				Base,
			);
			mainGroup = 83CBB9F61A601CBA00E9B192;
			productRefGroup = 83CBBA001A601CBA00E9B192 /* Products */;
			projectDirPath = "";
			projectRoot = "";
			targets = (
				13B07F861A680F5B00A75B9A /* TwakeDrive */,
				958E7F20412C4BDC866D864A /* TwakeDriveShareExt */,
				A4F644A948504D35B35FC86B /* TwakeDriveFileProviderExt */,
				9A30F11EAB1B4A0EB8E489D3 /* TwakeDriveFileProviderExtTests */,
			);
		};
/* End PBXProject section */

/* Begin PBXResourcesBuildPhase section */
		13B07F8E1A680F5B00A75B9A /* Resources */ = {
			isa = PBXResourcesBuildPhase;
			buildActionMask = 2147483647;
			files = (
				BB2F792D24A3F905000567C9 /* Expo.plist in Resources */,
				13B07FBF1A68108700A75B9A /* Images.xcassets in Resources */,
				3E461D99554A48A4959DE609 /* SplashScreen.storyboard in Resources */,
				2A7F90B4FBE3FD04808B87DC /* PrivacyInfo.xcprivacy in Resources */,
			);
			runOnlyForDeploymentPostprocessing = 0;
		};
/* End PBXResourcesBuildPhase section */

/* Begin PBXShellScriptBuildPhase section */
		00DD1BFF1BD5951E006B06BC /* Bundle React Native code and images */ = {
			isa = PBXShellScriptBuildPhase;
			alwaysOutOfDate = 1;
			buildActionMask = 2147483647;
			files = (
			);
			inputPaths = (
				"$(SRCROOT)/.xcode.env",
				"$(SRCROOT)/.xcode.env.local",
			);
			name = "Bundle React Native code and images";
			outputPaths = (
			);
			runOnlyForDeploymentPostprocessing = 0;
			shellPath = /bin/sh;
			shellScript = "if [[ -f \"$PODS_ROOT/../.xcode.env\" ]]; then\n  source \"$PODS_ROOT/../.xcode.env\"\nfi\nif [[ -f \"$PODS_ROOT/../.xcode.env.local\" ]]; then\n  source \"$PODS_ROOT/../.xcode.env.local\"\nfi\n\n# The project root by default is one level up from the ios directory\nexport PROJECT_ROOT=\"$PROJECT_DIR\"/..\n\nif [[ \"$CONFIGURATION\" = *Debug* ]]; then\n  export SKIP_BUNDLING=1\nfi\nif [[ -z \"$ENTRY_FILE\" ]]; then\n  # Set the entry JS file using the bundler's entry resolution.\n  export ENTRY_FILE=\"$(\"$NODE_BINARY\" -e \"require('expo/scripts/resolveAppEntry')\" \"$PROJECT_ROOT\" ios absolute | tail -n 1)\"\nfi\n\nif [[ -z \"$CLI_PATH\" ]]; then\n  # Use Expo CLI\n  export CLI_PATH=\"$(\"$NODE_BINARY\" --print \"require.resolve('@expo/cli', { paths: [require.resolve('expo/package.json')] })\")\"\nfi\nif [[ -z \"$BUNDLE_COMMAND\" ]]; then\n  # Default Expo CLI command for bundling\n  export BUNDLE_COMMAND=\"export:embed\"\nfi\n\n# Source .xcode.env.updates if it exists to allow\n# SKIP_BUNDLING to be unset if needed\nif [[ -f \"$PODS_ROOT/../.xcode.env.updates\" ]]; then\n  source \"$PODS_ROOT/../.xcode.env.updates\"\nfi\n# Source local changes to allow overrides\n# if needed\nif [[ -f \"$PODS_ROOT/../.xcode.env.local\" ]]; then\n  source \"$PODS_ROOT/../.xcode.env.local\"\nfi\n\n`\"$NODE_BINARY\" --print \"require('path').dirname(require.resolve('react-native/package.json')) + '/scripts/react-native-xcode.sh'\"`\n\n";
		};
		08A4A3CD28434E44B6B9DE2E /* [CP] Check Pods Manifest.lock */ = {
			isa = PBXShellScriptBuildPhase;
			buildActionMask = 2147483647;
			files = (
			);
			inputFileListPaths = (
			);
			inputPaths = (
				"${PODS_PODFILE_DIR_PATH}/Podfile.lock",
				"${PODS_ROOT}/Manifest.lock",
			);
			name = "[CP] Check Pods Manifest.lock";
			outputFileListPaths = (
			);
			outputPaths = (
				"$(DERIVED_FILE_DIR)/Pods-TwakeDrive-checkManifestLockResult.txt",
			);
			runOnlyForDeploymentPostprocessing = 0;
			shellPath = /bin/sh;
			shellScript = "diff \"${PODS_PODFILE_DIR_PATH}/Podfile.lock\" \"${PODS_ROOT}/Manifest.lock\" > /dev/null\nif [ $? != 0 ] ; then\n    # print error to STDERR\n    echo \"error: The sandbox is not in sync with the Podfile.lock. Run 'pod install' or update your CocoaPods installation.\" >&2\n    exit 1\nfi\n# This output is used by Xcode 'outputs' to avoid re-running this script phase.\necho \"SUCCESS\" > \"${SCRIPT_OUTPUT_FILE_0}\"\n";
			showEnvVarsInLog = 0;
		};
		163FE4071AC8999F057BF284 /* [Expo] Configure project */ = {
			isa = PBXShellScriptBuildPhase;
			alwaysOutOfDate = 1;
			buildActionMask = 2147483647;
			files = (
			);
			inputFileListPaths = (
			);
			inputPaths = (
				"$(SRCROOT)/.xcode.env",
				"$(SRCROOT)/.xcode.env.local",
				"$(SRCROOT)/TwakeDrive/TwakeDrive.entitlements",
				"$(SRCROOT)/Pods/Target Support Files/Pods-TwakeDrive/expo-configure-project.sh",
			);
			name = "[Expo] Configure project";
			outputFileListPaths = (
			);
			outputPaths = (
				"$(SRCROOT)/Pods/Target Support Files/Pods-TwakeDrive/ExpoModulesProvider.swift",
			);
			runOnlyForDeploymentPostprocessing = 0;
			shellPath = /bin/sh;
			shellScript = "# This script configures Expo modules and generates the modules provider file.\nbash -l -c \"./Pods/Target\\ Support\\ Files/Pods-TwakeDrive/expo-configure-project.sh\"\n";
		};
		800E24972A6A228C8D4807E9 /* [CP] Copy Pods Resources */ = {
			isa = PBXShellScriptBuildPhase;
			buildActionMask = 2147483647;
			files = (
			);
			inputPaths = (
				"${PODS_ROOT}/Target Support Files/Pods-TwakeDrive/Pods-TwakeDrive-resources.sh",
				"${PODS_CONFIGURATION_BUILD_DIR}/EXConstants/EXConstants.bundle",
				"${PODS_CONFIGURATION_BUILD_DIR}/EXConstants/ExpoConstants_privacy.bundle",
				"${PODS_CONFIGURATION_BUILD_DIR}/ExpoFileSystem/ExpoFileSystem_privacy.bundle",
				"${PODS_CONFIGURATION_BUILD_DIR}/ExpoLocalization/ExpoLocalization_privacy.bundle",
				"${PODS_CONFIGURATION_BUILD_DIR}/ExpoSystemUI/ExpoSystemUI_privacy.bundle",
				"${PODS_CONFIGURATION_BUILD_DIR}/RNSVG/RNSVGFilters.bundle",
				"${PODS_ROOT}/../../node_modules/react-native-vector-icons/Fonts/AntDesign.ttf",
				"${PODS_ROOT}/../../node_modules/react-native-vector-icons/Fonts/Entypo.ttf",
				"${PODS_ROOT}/../../node_modules/react-native-vector-icons/Fonts/EvilIcons.ttf",
				"${PODS_ROOT}/../../node_modules/react-native-vector-icons/Fonts/Feather.ttf",
				"${PODS_ROOT}/../../node_modules/react-native-vector-icons/Fonts/FontAwesome.ttf",
				"${PODS_ROOT}/../../node_modules/react-native-vector-icons/Fonts/FontAwesome5_Brands.ttf",
				"${PODS_ROOT}/../../node_modules/react-native-vector-icons/Fonts/FontAwesome5_Regular.ttf",
				"${PODS_ROOT}/../../node_modules/react-native-vector-icons/Fonts/FontAwesome5_Solid.ttf",
				"${PODS_ROOT}/../../node_modules/react-native-vector-icons/Fonts/FontAwesome6_Brands.ttf",
				"${PODS_ROOT}/../../node_modules/react-native-vector-icons/Fonts/FontAwesome6_Regular.ttf",
				"${PODS_ROOT}/../../node_modules/react-native-vector-icons/Fonts/FontAwesome6_Solid.ttf",
				"${PODS_ROOT}/../../node_modules/react-native-vector-icons/Fonts/Fontisto.ttf",
				"${PODS_ROOT}/../../node_modules/react-native-vector-icons/Fonts/Foundation.ttf",
				"${PODS_ROOT}/../../node_modules/react-native-vector-icons/Fonts/Ionicons.ttf",
				"${PODS_ROOT}/../../node_modules/react-native-vector-icons/Fonts/MaterialCommunityIcons.ttf",
				"${PODS_ROOT}/../../node_modules/react-native-vector-icons/Fonts/MaterialIcons.ttf",
				"${PODS_ROOT}/../../node_modules/react-native-vector-icons/Fonts/Octicons.ttf",
				"${PODS_ROOT}/../../node_modules/react-native-vector-icons/Fonts/SimpleLineIcons.ttf",
				"${PODS_ROOT}/../../node_modules/react-native-vector-icons/Fonts/Zocial.ttf",
				"${PODS_CONFIGURATION_BUILD_DIR}/React-Core/React-Core_privacy.bundle",
				"${PODS_CONFIGURATION_BUILD_DIR}/React-cxxreact/React-cxxreact_privacy.bundle",
				"${PODS_CONFIGURATION_BUILD_DIR}/SDWebImage/SDWebImage.bundle",
				"${PODS_CONFIGURATION_BUILD_DIR}/expo-dev-launcher/EXDevLauncher.bundle",
				"${PODS_CONFIGURATION_BUILD_DIR}/expo-dev-menu/EXDevMenu.bundle",
				"${PODS_CONFIGURATION_BUILD_DIR}/react-native-blob-util/ReactNativeBlobUtilPrivacyInfo.bundle",
			);
			name = "[CP] Copy Pods Resources";
			outputPaths = (
				"${TARGET_BUILD_DIR}/${UNLOCALIZED_RESOURCES_FOLDER_PATH}/EXConstants.bundle",
				"${TARGET_BUILD_DIR}/${UNLOCALIZED_RESOURCES_FOLDER_PATH}/ExpoConstants_privacy.bundle",
				"${TARGET_BUILD_DIR}/${UNLOCALIZED_RESOURCES_FOLDER_PATH}/ExpoFileSystem_privacy.bundle",
				"${TARGET_BUILD_DIR}/${UNLOCALIZED_RESOURCES_FOLDER_PATH}/ExpoLocalization_privacy.bundle",
				"${TARGET_BUILD_DIR}/${UNLOCALIZED_RESOURCES_FOLDER_PATH}/ExpoSystemUI_privacy.bundle",
				"${TARGET_BUILD_DIR}/${UNLOCALIZED_RESOURCES_FOLDER_PATH}/RNSVGFilters.bundle",
				"${TARGET_BUILD_DIR}/${UNLOCALIZED_RESOURCES_FOLDER_PATH}/AntDesign.ttf",
				"${TARGET_BUILD_DIR}/${UNLOCALIZED_RESOURCES_FOLDER_PATH}/Entypo.ttf",
				"${TARGET_BUILD_DIR}/${UNLOCALIZED_RESOURCES_FOLDER_PATH}/EvilIcons.ttf",
				"${TARGET_BUILD_DIR}/${UNLOCALIZED_RESOURCES_FOLDER_PATH}/Feather.ttf",
				"${TARGET_BUILD_DIR}/${UNLOCALIZED_RESOURCES_FOLDER_PATH}/FontAwesome.ttf",
				"${TARGET_BUILD_DIR}/${UNLOCALIZED_RESOURCES_FOLDER_PATH}/FontAwesome5_Brands.ttf",
				"${TARGET_BUILD_DIR}/${UNLOCALIZED_RESOURCES_FOLDER_PATH}/FontAwesome5_Regular.ttf",
				"${TARGET_BUILD_DIR}/${UNLOCALIZED_RESOURCES_FOLDER_PATH}/FontAwesome5_Solid.ttf",
				"${TARGET_BUILD_DIR}/${UNLOCALIZED_RESOURCES_FOLDER_PATH}/FontAwesome6_Brands.ttf",
				"${TARGET_BUILD_DIR}/${UNLOCALIZED_RESOURCES_FOLDER_PATH}/FontAwesome6_Regular.ttf",
				"${TARGET_BUILD_DIR}/${UNLOCALIZED_RESOURCES_FOLDER_PATH}/FontAwesome6_Solid.ttf",
				"${TARGET_BUILD_DIR}/${UNLOCALIZED_RESOURCES_FOLDER_PATH}/Fontisto.ttf",
				"${TARGET_BUILD_DIR}/${UNLOCALIZED_RESOURCES_FOLDER_PATH}/Foundation.ttf",
				"${TARGET_BUILD_DIR}/${UNLOCALIZED_RESOURCES_FOLDER_PATH}/Ionicons.ttf",
				"${TARGET_BUILD_DIR}/${UNLOCALIZED_RESOURCES_FOLDER_PATH}/MaterialCommunityIcons.ttf",
				"${TARGET_BUILD_DIR}/${UNLOCALIZED_RESOURCES_FOLDER_PATH}/MaterialIcons.ttf",
				"${TARGET_BUILD_DIR}/${UNLOCALIZED_RESOURCES_FOLDER_PATH}/Octicons.ttf",
				"${TARGET_BUILD_DIR}/${UNLOCALIZED_RESOURCES_FOLDER_PATH}/SimpleLineIcons.ttf",
				"${TARGET_BUILD_DIR}/${UNLOCALIZED_RESOURCES_FOLDER_PATH}/Zocial.ttf",
				"${TARGET_BUILD_DIR}/${UNLOCALIZED_RESOURCES_FOLDER_PATH}/React-Core_privacy.bundle",
				"${TARGET_BUILD_DIR}/${UNLOCALIZED_RESOURCES_FOLDER_PATH}/React-cxxreact_privacy.bundle",
				"${TARGET_BUILD_DIR}/${UNLOCALIZED_RESOURCES_FOLDER_PATH}/SDWebImage.bundle",
				"${TARGET_BUILD_DIR}/${UNLOCALIZED_RESOURCES_FOLDER_PATH}/EXDevLauncher.bundle",
				"${TARGET_BUILD_DIR}/${UNLOCALIZED_RESOURCES_FOLDER_PATH}/EXDevMenu.bundle",
				"${TARGET_BUILD_DIR}/${UNLOCALIZED_RESOURCES_FOLDER_PATH}/ReactNativeBlobUtilPrivacyInfo.bundle",
			);
			runOnlyForDeploymentPostprocessing = 0;
			shellPath = /bin/sh;
			shellScript = "\"${PODS_ROOT}/Target Support Files/Pods-TwakeDrive/Pods-TwakeDrive-resources.sh\"\n";
			showEnvVarsInLog = 0;
		};
		ABB11ECBFEA99C97A15D13BD /* [CP] Embed Pods Frameworks */ = {
			isa = PBXShellScriptBuildPhase;
			buildActionMask = 2147483647;
			files = (
			);
			inputPaths = (
				"${PODS_ROOT}/Target Support Files/Pods-TwakeDrive/Pods-TwakeDrive-frameworks.sh",
				"${PODS_XCFRAMEWORKS_BUILD_DIR}/OpenSSL-Universal/OpenSSL.framework/OpenSSL",
				"${PODS_XCFRAMEWORKS_BUILD_DIR}/React-Core-prebuilt/React.framework/React",
				"${PODS_XCFRAMEWORKS_BUILD_DIR}/ReactNativeDependencies/ReactNativeDependencies.framework/ReactNativeDependencies",
				"${PODS_XCFRAMEWORKS_BUILD_DIR}/hermes-engine/Pre-built/hermes.framework/hermes",
			);
			name = "[CP] Embed Pods Frameworks";
			outputPaths = (
				"${TARGET_BUILD_DIR}/${FRAMEWORKS_FOLDER_PATH}/OpenSSL.framework",
				"${TARGET_BUILD_DIR}/${FRAMEWORKS_FOLDER_PATH}/React.framework",
				"${TARGET_BUILD_DIR}/${FRAMEWORKS_FOLDER_PATH}/ReactNativeDependencies.framework",
				"${TARGET_BUILD_DIR}/${FRAMEWORKS_FOLDER_PATH}/hermes.framework",
			);
			runOnlyForDeploymentPostprocessing = 0;
			shellPath = /bin/sh;
			shellScript = "\"${PODS_ROOT}/Target Support Files/Pods-TwakeDrive/Pods-TwakeDrive-frameworks.sh\"\n";
			showEnvVarsInLog = 0;
		};
/* End PBXShellScriptBuildPhase section */

/* Begin PBXSourcesBuildPhase section */
		13B07F871A680F5B00A75B9A /* Sources */ = {
			isa = PBXSourcesBuildPhase;
			buildActionMask = 2147483647;
			files = (
				F11748422D0307B40044C1D9 /* AppDelegate.swift in Sources */,
				709E49B0B9D174F0F10578B0 /* ExpoModulesProvider.swift in Sources */,
			);
			runOnlyForDeploymentPostprocessing = 0;
		};
		1A9A3FDCE14F42A8BD798C96 /* Sources */ = {
			isa = PBXSourcesBuildPhase;
			buildActionMask = 2147483647;
			files = (
				5B2A78C6EE0C4C14BF599D0D /* FileProviderExtension.swift in Sources */,
				2134B4C02DE8465FA359252D /* Session.swift in Sources */,
				CC71358F217048C5A6E7EFC4 /* KeychainSessionStore.swift in Sources */,
				3354FE071D8542E4A92CD122 /* HTTPClient.swift in Sources */,
				D9667730EDA746E78E76BD72 /* CozyFile.swift in Sources */,
				AD001E26D70A44B5A62732AA /* ItemMapper.swift in Sources */,
				C5EF3192A5EE4B11BA98ACC3 /* TokenProvider.swift in Sources */,
				A3E275F08CCE4327B06FA95E /* CozyFilesApi.swift in Sources */,
				CCBC7C663E3D4AD38D5F2F86 /* ConflictResolver.swift in Sources */,
			);
			runOnlyForDeploymentPostprocessing = 0;
		};
		2F5A51D41BBA4210A45ECAAD /* Sources */ = {
			isa = PBXSourcesBuildPhase;
			buildActionMask = 2147483647;
			files = (
				F1E1BF243138470285BA718F /* ShareViewController.swift in Sources */,
			);
			runOnlyForDeploymentPostprocessing = 0;
		};
		8578214FFA1E403BBC2D66B7 /* Sources */ = {
			isa = PBXSourcesBuildPhase;
			buildActionMask = 2147483647;
			files = (
				6229EE32FAEB48A2B1E5A67F /* SmokeTest.swift in Sources */,
				A59EDE1D90FE4CB79A04219F /* SessionTests.swift in Sources */,
				C330B9343B7D4474AB8CB174 /* Session.swift in Sources */,
				78DC680BFDC749B5B20D0074 /* KeychainSessionStoreTests.swift in Sources */,
				1A4D7ADCCDF4409FB895AF57 /* KeychainSessionStore.swift in Sources */,
				A5875E424926424E91215743 /* MockURLProtocol.swift in Sources */,
				616E28E111C44848B7113A7D /* CozyFileTests.swift in Sources */,
				342779C8DE3248AFA89A608F /* ItemMapperTests.swift in Sources */,
				8D6B57D7481941EC9799FEA6 /* HTTPClient.swift in Sources */,
				C728C2AD68154318ADCCB03E /* CozyFile.swift in Sources */,
				F98382C3F29B4FAEABBDE66D /* ItemMapper.swift in Sources */,
				BA115FCDF458411F966CFBAB /* TokenProviderTests.swift in Sources */,
				93C04082703449A5896923B9 /* Fakes.swift in Sources */,
				17DD79D02D5E4A008F4E10EB /* TokenProvider.swift in Sources */,
				48E1DCC5CCFF4F0A834314BD /* CozyFilesApiReadTests.swift in Sources */,
				E3C5870010564AECBF5A6F2C /* CozyFilesApi.swift in Sources */,
				97FC01E93A4A4599BD18F80E /* CozyFilesApiWriteTests.swift in Sources */,
				674B23ABE6E64E429818D9BB /* ConflictResolverTests.swift in Sources */,
				091507EBD5FF446C839A1FE1 /* ConflictResolver.swift in Sources */,
			);
			runOnlyForDeploymentPostprocessing = 0;
		};
/* End PBXSourcesBuildPhase section */

/* Begin PBXTargetDependency section */
		BD5EA330F1F746E184281306 /* PBXTargetDependency */ = {
			isa = PBXTargetDependency;
			target = A4F644A948504D35B35FC86B /* TwakeDriveFileProviderExt */;
			targetProxy = A580847C15704B7F880A9942 /* PBXContainerItemProxy */;
		};
		E4D979C4A6F547CBBC518AAD /* PBXTargetDependency */ = {
			isa = PBXTargetDependency;
			target = 958E7F20412C4BDC866D864A /* TwakeDriveShareExt */;
			targetProxy = 658F83191F8D42A1A83A7EBD /* PBXContainerItemProxy */;
		};
/* End PBXTargetDependency section */

/* Begin XCBuildConfiguration section */
		068EA54FDA2847FA8C25F021 /* Debug */ = {
			isa = XCBuildConfiguration;
			buildSettings = {
				CLANG_ENABLE_MODULES = YES;
				CODE_SIGN_ENTITLEMENTS = TwakeDriveFileProviderExt/TwakeDriveFileProviderExt.entitlements;
				CODE_SIGN_IDENTITY = "Apple Development";
				CODE_SIGN_STYLE = Automatic;
				CURRENT_PROJECT_VERSION = 1;
				DEVELOPMENT_TEAM = KUT463DS29;
				GCC_PREPROCESSOR_DEFINITIONS = (
					"DEBUG=1",
					"$(inherited)",
				);
				GENERATE_INFOPLIST_FILE = NO;
				INFOPLIST_FILE = TwakeDriveFileProviderExt/Info.plist;
				IPHONEOS_DEPLOYMENT_TARGET = 16.0;
				LD_RUNPATH_SEARCH_PATHS = (
					"$(inherited)",
					"@executable_path/Frameworks",
					"@executable_path/../../Frameworks",
				);
				MARKETING_VERSION = 1.0;
				OTHER_SWIFT_FLAGS = "$(inherited) -D EXPO_CONFIGURATION_DEBUG";
				PRODUCT_BUNDLE_IDENTIFIER = com.linagora.twakedrive.FileProvider;
				PRODUCT_NAME = TwakeDriveFileProviderExt;
				PROVISIONING_PROFILE_SPECIFIER = "";
				SKIP_INSTALL = YES;
				SWIFT_EMIT_LOC_STRINGS = YES;
				SWIFT_VERSION = 5.0;
				TARGETED_DEVICE_FAMILY = "1,2";
			};
			name = Debug;
		};
		0CF44CB040D6450F9F3DCC24 /* Release */ = {
			isa = XCBuildConfiguration;
			buildSettings = {
				CLANG_ENABLE_MODULES = YES;
				CODE_SIGN_ENTITLEMENTS = TwakeDriveFileProviderExt/TwakeDriveFileProviderExt.entitlements;
				CODE_SIGN_IDENTITY = "Apple Distribution";
				CODE_SIGN_STYLE = Manual;
				CURRENT_PROJECT_VERSION = 1;
				DEVELOPMENT_TEAM = KUT463DS29;
				GENERATE_INFOPLIST_FILE = NO;
				INFOPLIST_FILE = TwakeDriveFileProviderExt/Info.plist;
				IPHONEOS_DEPLOYMENT_TARGET = 16.0;
				LD_RUNPATH_SEARCH_PATHS = (
					"$(inherited)",
					"@executable_path/Frameworks",
					"@executable_path/../../Frameworks",
				);
				MARKETING_VERSION = 1.0;
				OTHER_SWIFT_FLAGS = "$(inherited) -D EXPO_CONFIGURATION_RELEASE";
				PRODUCT_BUNDLE_IDENTIFIER = com.linagora.twakedrive.FileProvider;
				PRODUCT_NAME = TwakeDriveFileProviderExt;
				PROVISIONING_PROFILE_SPECIFIER = "match AppStore com.linagora.twakedrive.FileProvider";
				SKIP_INSTALL = YES;
				SWIFT_EMIT_LOC_STRINGS = YES;
				SWIFT_VERSION = 5.0;
				TARGETED_DEVICE_FAMILY = "1,2";
			};
			name = Release;
		};
		13B07F941A680F5B00A75B9A /* Debug */ = {
			isa = XCBuildConfiguration;
			baseConfigurationReference = 7BE0007FF2C4921CE9FE4199 /* Pods-TwakeDrive.debug.xcconfig */;
			buildSettings = {
				ASSETCATALOG_COMPILER_APPICON_NAME = AppIcon;
				CLANG_ENABLE_MODULES = YES;
				CODE_SIGN_ENTITLEMENTS = TwakeDrive/TwakeDrive.entitlements;
				CODE_SIGN_IDENTITY = "Apple Development";
				CODE_SIGN_STYLE = Automatic;
				CURRENT_PROJECT_VERSION = 1;
				DEVELOPMENT_TEAM = KUT463DS29;
				ENABLE_BITCODE = NO;
				GCC_PREPROCESSOR_DEFINITIONS = (
					"$(inherited)",
					"FB_SONARKIT_ENABLED=1",
				);
				INFOPLIST_FILE = TwakeDrive/Info.plist;
				IPHONEOS_DEPLOYMENT_TARGET = 16.0;
				LD_RUNPATH_SEARCH_PATHS = (
					"$(inherited)",
					"@executable_path/Frameworks",
				);
				MARKETING_VERSION = 1.0;
				OTHER_LDFLAGS = (
					"$(inherited)",
					"-ObjC",
					"-lc++",
				);
				OTHER_SWIFT_FLAGS = "$(inherited) -D EXPO_CONFIGURATION_DEBUG";
				PRODUCT_BUNDLE_IDENTIFIER = com.linagora.twakedrive;
				PRODUCT_NAME = TwakeDrive;
				PROVISIONING_PROFILE_SPECIFIER = "";
				SWIFT_OBJC_BRIDGING_HEADER = "TwakeDrive/TwakeDrive-Bridging-Header.h";
				SWIFT_OPTIMIZATION_LEVEL = "-Onone";
				SWIFT_VERSION = 5.0;
				TARGETED_DEVICE_FAMILY = "1,2";
				VERSIONING_SYSTEM = "apple-generic";
			};
			name = Debug;
		};
		13B07F951A680F5B00A75B9A /* Release */ = {
			isa = XCBuildConfiguration;
			baseConfigurationReference = 21CEE0633495A490998A1B2A /* Pods-TwakeDrive.release.xcconfig */;
			buildSettings = {
				ASSETCATALOG_COMPILER_APPICON_NAME = AppIcon;
				CLANG_ENABLE_MODULES = YES;
				CODE_SIGN_ENTITLEMENTS = TwakeDrive/TwakeDrive.entitlements;
				CODE_SIGN_IDENTITY = "Apple Distribution";
				"CODE_SIGN_IDENTITY[sdk=iphoneos*]" = "iPhone Distribution";
				CODE_SIGN_STYLE = Manual;
				CURRENT_PROJECT_VERSION = 1;
				DEVELOPMENT_TEAM = KUT463DS29;
				"DEVELOPMENT_TEAM[sdk=iphoneos*]" = KUT463DS29;
				INFOPLIST_FILE = TwakeDrive/Info.plist;
				IPHONEOS_DEPLOYMENT_TARGET = 16.0;
				LD_RUNPATH_SEARCH_PATHS = (
					"$(inherited)",
					"@executable_path/Frameworks",
				);
				MARKETING_VERSION = 1.0;
				OTHER_LDFLAGS = (
					"$(inherited)",
					"-ObjC",
					"-lc++",
				);
				OTHER_SWIFT_FLAGS = "$(inherited) -D EXPO_CONFIGURATION_RELEASE";
				PRODUCT_BUNDLE_IDENTIFIER = com.linagora.twakedrive;
				PRODUCT_NAME = TwakeDrive;
				PROVISIONING_PROFILE_SPECIFIER = "match AppStore com.linagora.twakedrive";
				"PROVISIONING_PROFILE_SPECIFIER[sdk=iphoneos*]" = "match AppStore com.linagora.twakedrive";
				SWIFT_OBJC_BRIDGING_HEADER = "TwakeDrive/TwakeDrive-Bridging-Header.h";
				SWIFT_VERSION = 5.0;
				TARGETED_DEVICE_FAMILY = "1,2";
				VERSIONING_SYSTEM = "apple-generic";
			};
			name = Release;
		};
		58F868FBDCAB476DACB9A5E8 /* Debug */ = {
			isa = XCBuildConfiguration;
			buildSettings = {
				CODE_SIGNING_ALLOWED = NO;
				DEVELOPMENT_TEAM = KUT463DS29;
				GCC_PREPROCESSOR_DEFINITIONS = (
					"DEBUG=1",
					"$(inherited)",
				);
				GENERATE_INFOPLIST_FILE = YES;
				IPHONEOS_DEPLOYMENT_TARGET = 16.0;
				LD_RUNPATH_SEARCH_PATHS = (
					"$(inherited)",
					"@executable_path/Frameworks",
					"@executable_path/../../Frameworks",
				);
				OTHER_SWIFT_FLAGS = "$(inherited) -D EXPO_CONFIGURATION_DEBUG";
				PRODUCT_BUNDLE_IDENTIFIER = com.linagora.twakedrive.FileProviderTests;
				PRODUCT_NAME = TwakeDriveFileProviderExtTests;
				SKIP_INSTALL = YES;
				SWIFT_EMIT_LOC_STRINGS = NO;
				SWIFT_VERSION = 5.0;
				TARGETED_DEVICE_FAMILY = "1,2";
			};
			name = Debug;
		};
		83CBBA201A601CBA00E9B192 /* Debug */ = {
			isa = XCBuildConfiguration;
			buildSettings = {
				ALWAYS_SEARCH_USER_PATHS = NO;
				CLANG_ANALYZER_LOCALIZABILITY_NONLOCALIZED = YES;
				CLANG_CXX_LANGUAGE_STANDARD = "c++20";
				CLANG_CXX_LIBRARY = "libc++";
				CLANG_ENABLE_MODULES = YES;
				CLANG_ENABLE_OBJC_ARC = YES;
				CLANG_WARN_BLOCK_CAPTURE_AUTORELEASING = YES;
				CLANG_WARN_BOOL_CONVERSION = YES;
				CLANG_WARN_COMMA = YES;
				CLANG_WARN_CONSTANT_CONVERSION = YES;
				CLANG_WARN_DEPRECATED_OBJC_IMPLEMENTATIONS = YES;
				CLANG_WARN_DIRECT_OBJC_ISA_USAGE = YES_ERROR;
				CLANG_WARN_EMPTY_BODY = YES;
				CLANG_WARN_ENUM_CONVERSION = YES;
				CLANG_WARN_INFINITE_RECURSION = YES;
				CLANG_WARN_INT_CONVERSION = YES;
				CLANG_WARN_NON_LITERAL_NULL_CONVERSION = YES;
				CLANG_WARN_OBJC_IMPLICIT_RETAIN_SELF = YES;
				CLANG_WARN_OBJC_LITERAL_CONVERSION = YES;
				CLANG_WARN_OBJC_ROOT_CLASS = YES_ERROR;
				CLANG_WARN_RANGE_LOOP_ANALYSIS = YES;
				CLANG_WARN_STRICT_PROTOTYPES = YES;
				CLANG_WARN_SUSPICIOUS_MOVE = YES;
				CLANG_WARN_UNREACHABLE_CODE = YES;
				CLANG_WARN__DUPLICATE_METHOD_MATCH = YES;
				"CODE_SIGN_IDENTITY[sdk=iphoneos*]" = "iPhone Developer";
				COPY_PHASE_STRIP = NO;
				ENABLE_STRICT_OBJC_MSGSEND = YES;
				ENABLE_TESTABILITY = YES;
				GCC_C_LANGUAGE_STANDARD = gnu99;
				GCC_DYNAMIC_NO_PIC = NO;
				GCC_NO_COMMON_BLOCKS = YES;
				GCC_OPTIMIZATION_LEVEL = 0;
				GCC_PREPROCESSOR_DEFINITIONS = (
					"DEBUG=1",
					"$(inherited)",
				);
				GCC_SYMBOLS_PRIVATE_EXTERN = NO;
				GCC_WARN_64_TO_32_BIT_CONVERSION = YES;
				GCC_WARN_ABOUT_RETURN_TYPE = YES_ERROR;
				GCC_WARN_UNDECLARED_SELECTOR = YES;
				GCC_WARN_UNINITIALIZED_AUTOS = YES_AGGRESSIVE;
				GCC_WARN_UNUSED_FUNCTION = YES;
				GCC_WARN_UNUSED_VARIABLE = YES;
				IPHONEOS_DEPLOYMENT_TARGET = 15.1;
				LD_RUNPATH_SEARCH_PATHS = (
					/usr/lib/swift,
					"$(inherited)",
				);
				LIBRARY_SEARCH_PATHS = "$(SDKROOT)/usr/lib/swift\"$(inherited)\"";
				MTL_ENABLE_DEBUG_INFO = YES;
				ONLY_ACTIVE_ARCH = YES;
				REACT_NATIVE_PATH = "${PODS_ROOT}/../../node_modules/react-native";
				SDKROOT = iphoneos;
				SWIFT_ACTIVE_COMPILATION_CONDITIONS = "$(inherited) DEBUG";
				SWIFT_ENABLE_EXPLICIT_MODULES = NO;
				USE_HERMES = true;
			};
			name = Debug;
		};
		83CBBA211A601CBA00E9B192 /* Release */ = {
			isa = XCBuildConfiguration;
			buildSettings = {
				ALWAYS_SEARCH_USER_PATHS = NO;
				CLANG_ANALYZER_LOCALIZABILITY_NONLOCALIZED = YES;
				CLANG_CXX_LANGUAGE_STANDARD = "c++20";
				CLANG_CXX_LIBRARY = "libc++";
				CLANG_ENABLE_MODULES = YES;
				CLANG_ENABLE_OBJC_ARC = YES;
				CLANG_WARN_BLOCK_CAPTURE_AUTORELEASING = YES;
				CLANG_WARN_BOOL_CONVERSION = YES;
				CLANG_WARN_COMMA = YES;
				CLANG_WARN_CONSTANT_CONVERSION = YES;
				CLANG_WARN_DEPRECATED_OBJC_IMPLEMENTATIONS = YES;
				CLANG_WARN_DIRECT_OBJC_ISA_USAGE = YES_ERROR;
				CLANG_WARN_EMPTY_BODY = YES;
				CLANG_WARN_ENUM_CONVERSION = YES;
				CLANG_WARN_INFINITE_RECURSION = YES;
				CLANG_WARN_INT_CONVERSION = YES;
				CLANG_WARN_NON_LITERAL_NULL_CONVERSION = YES;
				CLANG_WARN_OBJC_IMPLICIT_RETAIN_SELF = YES;
				CLANG_WARN_OBJC_LITERAL_CONVERSION = YES;
				CLANG_WARN_OBJC_ROOT_CLASS = YES_ERROR;
				CLANG_WARN_RANGE_LOOP_ANALYSIS = YES;
				CLANG_WARN_STRICT_PROTOTYPES = YES;
				CLANG_WARN_SUSPICIOUS_MOVE = YES;
				CLANG_WARN_UNREACHABLE_CODE = YES;
				CLANG_WARN__DUPLICATE_METHOD_MATCH = YES;
				"CODE_SIGN_IDENTITY[sdk=iphoneos*]" = "iPhone Developer";
				COPY_PHASE_STRIP = YES;
				ENABLE_NS_ASSERTIONS = NO;
				ENABLE_STRICT_OBJC_MSGSEND = YES;
				GCC_C_LANGUAGE_STANDARD = gnu99;
				GCC_NO_COMMON_BLOCKS = YES;
				GCC_WARN_64_TO_32_BIT_CONVERSION = YES;
				GCC_WARN_ABOUT_RETURN_TYPE = YES_ERROR;
				GCC_WARN_UNDECLARED_SELECTOR = YES;
				GCC_WARN_UNINITIALIZED_AUTOS = YES_AGGRESSIVE;
				GCC_WARN_UNUSED_FUNCTION = YES;
				GCC_WARN_UNUSED_VARIABLE = YES;
				IPHONEOS_DEPLOYMENT_TARGET = 15.1;
				LD_RUNPATH_SEARCH_PATHS = (
					/usr/lib/swift,
					"$(inherited)",
				);
				LIBRARY_SEARCH_PATHS = "$(SDKROOT)/usr/lib/swift\"$(inherited)\"";
				MTL_ENABLE_DEBUG_INFO = NO;
				REACT_NATIVE_PATH = "${PODS_ROOT}/../../node_modules/react-native";
				SDKROOT = iphoneos;
				SWIFT_ENABLE_EXPLICIT_MODULES = NO;
				USE_HERMES = true;
				VALIDATE_PRODUCT = YES;
			};
			name = Release;
		};
		88EC2816A0CD4E9D9DD47A2F /* Release */ = {
			isa = XCBuildConfiguration;
			buildSettings = {
				CODE_SIGNING_ALLOWED = NO;
				DEVELOPMENT_TEAM = KUT463DS29;
				GENERATE_INFOPLIST_FILE = YES;
				IPHONEOS_DEPLOYMENT_TARGET = 16.0;
				LD_RUNPATH_SEARCH_PATHS = (
					"$(inherited)",
					"@executable_path/Frameworks",
					"@executable_path/../../Frameworks",
				);
				OTHER_SWIFT_FLAGS = "$(inherited) -D EXPO_CONFIGURATION_RELEASE";
				PRODUCT_BUNDLE_IDENTIFIER = com.linagora.twakedrive.FileProviderTests;
				PRODUCT_NAME = TwakeDriveFileProviderExtTests;
				SKIP_INSTALL = YES;
				SWIFT_EMIT_LOC_STRINGS = NO;
				SWIFT_VERSION = 5.0;
				TARGETED_DEVICE_FAMILY = "1,2";
			};
			name = Release;
		};
		98CB65AE2BF249B3B798F7A6 /* Debug */ = {
			isa = XCBuildConfiguration;
			buildSettings = {
				CLANG_ENABLE_MODULES = YES;
				CODE_SIGN_ENTITLEMENTS = TwakeDriveShareExt/TwakeDriveShareExt.entitlements;
				CODE_SIGN_IDENTITY = "Apple Development";
				CODE_SIGN_STYLE = Automatic;
				CURRENT_PROJECT_VERSION = 1;
				DEVELOPMENT_TEAM = KUT463DS29;
				GCC_PREPROCESSOR_DEFINITIONS = (
					"DEBUG=1",
					"$(inherited)",
				);
				GENERATE_INFOPLIST_FILE = NO;
				INFOPLIST_FILE = TwakeDriveShareExt/Info.plist;
				IPHONEOS_DEPLOYMENT_TARGET = 16.0;
				LD_RUNPATH_SEARCH_PATHS = (
					"$(inherited)",
					"@executable_path/Frameworks",
					"@executable_path/../../Frameworks",
				);
				MARKETING_VERSION = 1.0;
				OTHER_SWIFT_FLAGS = "$(inherited) -D EXPO_CONFIGURATION_DEBUG";
				PRODUCT_BUNDLE_IDENTIFIER = com.linagora.twakedrive.ShareExt;
				PRODUCT_NAME = TwakeDriveShareExt;
				PROVISIONING_PROFILE_SPECIFIER = "";
				SKIP_INSTALL = YES;
				SWIFT_EMIT_LOC_STRINGS = YES;
				SWIFT_VERSION = 5.0;
				TARGETED_DEVICE_FAMILY = "1,2";
			};
			name = Debug;
		};
		9C2D5B0E143F45A7AFED5A5E /* Release */ = {
			isa = XCBuildConfiguration;
			buildSettings = {
				CLANG_ENABLE_MODULES = YES;
				CODE_SIGN_ENTITLEMENTS = TwakeDriveShareExt/TwakeDriveShareExt.entitlements;
				CODE_SIGN_IDENTITY = "Apple Distribution";
				CODE_SIGN_STYLE = Manual;
				CURRENT_PROJECT_VERSION = 1;
				DEVELOPMENT_TEAM = KUT463DS29;
				GENERATE_INFOPLIST_FILE = NO;
				INFOPLIST_FILE = TwakeDriveShareExt/Info.plist;
				IPHONEOS_DEPLOYMENT_TARGET = 16.0;
				LD_RUNPATH_SEARCH_PATHS = (
					"$(inherited)",
					"@executable_path/Frameworks",
					"@executable_path/../../Frameworks",
				);
				MARKETING_VERSION = 1.0;
				OTHER_SWIFT_FLAGS = "$(inherited) -D EXPO_CONFIGURATION_RELEASE";
				PRODUCT_BUNDLE_IDENTIFIER = com.linagora.twakedrive.ShareExt;
				PRODUCT_NAME = TwakeDriveShareExt;
				PROVISIONING_PROFILE_SPECIFIER = "match AppStore com.linagora.twakedrive.ShareExt";
				SKIP_INSTALL = YES;
				SWIFT_EMIT_LOC_STRINGS = YES;
				SWIFT_VERSION = 5.0;
				TARGETED_DEVICE_FAMILY = "1,2";
			};
			name = Release;
		};
/* End XCBuildConfiguration section */

/* Begin XCConfigurationList section */
		13B07F931A680F5B00A75B9A /* Build configuration list for PBXNativeTarget "TwakeDrive" */ = {
			isa = XCConfigurationList;
			buildConfigurations = (
				13B07F941A680F5B00A75B9A /* Debug */,
				13B07F951A680F5B00A75B9A /* Release */,
			);
			defaultConfigurationIsVisible = 0;
			defaultConfigurationName = Release;
		};
		1E9A8957135E4F269993DCCB /* Build configuration list for PBXNativeTarget "TwakeDriveFileProviderExtTests" */ = {
			isa = XCConfigurationList;
			buildConfigurations = (
				58F868FBDCAB476DACB9A5E8 /* Debug */,
				88EC2816A0CD4E9D9DD47A2F /* Release */,
			);
			defaultConfigurationIsVisible = 0;
			defaultConfigurationName = Release;
		};
		83CBB9FA1A601CBA00E9B192 /* Build configuration list for PBXProject "TwakeDrive" */ = {
			isa = XCConfigurationList;
			buildConfigurations = (
				83CBBA201A601CBA00E9B192 /* Debug */,
				83CBBA211A601CBA00E9B192 /* Release */,
			);
			defaultConfigurationIsVisible = 0;
			defaultConfigurationName = Release;
		};
		C2B5AF07AB0F48F4B9FB588D /* Build configuration list for PBXNativeTarget "TwakeDriveFileProviderExt" */ = {
			isa = XCConfigurationList;
			buildConfigurations = (
				068EA54FDA2847FA8C25F021 /* Debug */,
				0CF44CB040D6450F9F3DCC24 /* Release */,
			);
			defaultConfigurationIsVisible = 0;
			defaultConfigurationName = Release;
		};
		E35262B74ACC4DBCAC7A9DFF /* Build configuration list for PBXNativeTarget "TwakeDriveShareExt" */ = {
			isa = XCConfigurationList;
			buildConfigurations = (
				98CB65AE2BF249B3B798F7A6 /* Debug */,
				9C2D5B0E143F45A7AFED5A5E /* Release */,
			);
			defaultConfigurationIsVisible = 0;
			defaultConfigurationName = Release;
		};
/* End XCConfigurationList section */
	};
	rootObject = 83CBB9F71A601CBA00E9B192 /* Project object */;
}
